
Microsoft Visual Studio Solution File, Format Version 12.00
# Visual Studio 15
VisualStudioVersion = 15.0.27004.2005
MinimumVisualStudioVersion = 10.0.40219.1
Project("{9A19103F-16F7-4668-BE54-9A1E7A4F7556}") = "Akrual.DDD.Utils.Domain", "Akrual.DDD.Utils.Domain\Akrual.DDD.Utils.Domain.csproj", "{1E999216-1E30-4407-BC94-4F9A6D19F4E6}"
EndProject
Project("{9A19103F-16F7-4668-BE54-9A1E7A4F7556}") = "Akrual.DDD.Utils.Data", "Akrual.DDD.Utils.Data\Akrual.DDD.Utils.Data.csproj", "{1A784921-79BF-4BCD-B3B4-6DBC69A581DA}"
EndProject
Project("{2150E333-8FDC-42A3-9474-1A3956D46DE8}") = "InfraStructure", "InfraStructure", "{EBCE3B2A-50E6-4EE7-87A0-440EE28B692E}"
EndProject
Project("{9A19103F-16F7-4668-BE54-9A1E7A4F7556}") = "Akrual.DDD.Utils.Data.Tests", "Akrual.DDD.Utils.Data.Tests\Akrual.DDD.Utils.Data.Tests.csproj", "{561D6704-2396-49F1-B405-7B1E789C7BF0}"
EndProject
Project("{2150E333-8FDC-42A3-9474-1A3956D46DE8}") = "Domain", "Domain", "{F42CCC1B-99C5-41F7-8171-F1AA83AD9962}"
EndProject
Project("{9A19103F-16F7-4668-BE54-9A1E7A4F7556}") = "Akrual.DDD.Utils.Domain.Tests", "Akrual.DDD.Utils.Domain.Tests\Akrual.DDD.Utils.Domain.Tests.csproj", "{D55BDB73-5DAB-47A4-ABAC-A6818BDE128C}"
EndProject
Project("{2150E333-8FDC-42A3-9474-1A3956D46DE8}") = "Internal", "Internal", "{C4F62BF7-F285-477E-9821-94CB59C4D896}"
EndProject
Project("{9A19103F-16F7-4668-BE54-9A1E7A4F7556}") = "Akrual.DDD.Utils.Internal", "Akrual.DDD.Utils.Internal\Akrual.DDD.Utils.Internal.csproj", "{4202FF68-B307-46EF-A493-2CF26F00DFC5}"
EndProject
Project("{2150E333-8FDC-42A3-9474-1A3956D46DE8}") = "Data", "Data", "{52577A01-B7AD-4C1F-BA55-C7B2C072188C}"
EndProject
Project("{2150E333-8FDC-42A3-9474-1A3956D46DE8}") = "Application", "Application", "{7FFBA0AE-FF89-481C-81DB-68D271A56E21}"
EndProject
Project("{9A19103F-16F7-4668-BE54-9A1E7A4F7556}") = "Akrual.DDD.Utils.Application", "Akrual.DDD.Utils.Application\Akrual.DDD.Utils.Application.csproj", "{7FB1A711-A694-4138-9422-2D15DB27ED10}"
EndProject
Project("{9A19103F-16F7-4668-BE54-9A1E7A4F7556}") = "Akrual.DDD.Utils.Application.Tests", "Akrual.DDD.Utils.Application.Tests\Akrual.DDD.Utils.Application.Tests.csproj", "{153FF21A-0BE2-435F-BE26-26B5C88F44D7}"
EndProject
Project("{FAE04EC0-301F-11D3-BF4B-00C04F79EFBC}") = "Akrual.DDD.Utils.Internal.Tests", "Akrual.DDD.Utils.Internal.Tests\Akrual.DDD.Utils.Internal.Tests.csproj", "{63CE6A55-27BE-4ECD-839F-62DA1EB65DD0}"
EndProject
Global
	GlobalSection(SolutionConfigurationPlatforms) = preSolution
		Debug|Any CPU = Debug|Any CPU
		Release|Any CPU = Release|Any CPU
	EndGlobalSection
	GlobalSection(ProjectConfigurationPlatforms) = postSolution
		{1E999216-1E30-4407-BC94-4F9A6D19F4E6}.Debug|Any CPU.ActiveCfg = Debug|Any CPU
		{1E999216-1E30-4407-BC94-4F9A6D19F4E6}.Debug|Any CPU.Build.0 = Debug|Any CPU
		{1E999216-1E30-4407-BC94-4F9A6D19F4E6}.Release|Any CPU.ActiveCfg = Release|Any CPU
		{1E999216-1E30-4407-BC94-4F9A6D19F4E6}.Release|Any CPU.Build.0 = Release|Any CPU
		{1A784921-79BF-4BCD-B3B4-6DBC69A581DA}.Debug|Any CPU.ActiveCfg = Debug|Any CPU
		{1A784921-79BF-4BCD-B3B4-6DBC69A581DA}.Debug|Any CPU.Build.0 = Debug|Any CPU
		{1A784921-79BF-4BCD-B3B4-6DBC69A581DA}.Release|Any CPU.ActiveCfg = Release|Any CPU
		{1A784921-79BF-4BCD-B3B4-6DBC69A581DA}.Release|Any CPU.Build.0 = Release|Any CPU
		{561D6704-2396-49F1-B405-7B1E789C7BF0}.Debug|Any CPU.ActiveCfg = Debug|Any CPU
		{561D6704-2396-49F1-B405-7B1E789C7BF0}.Debug|Any CPU.Build.0 = Debug|Any CPU
		{561D6704-2396-49F1-B405-7B1E789C7BF0}.Release|Any CPU.ActiveCfg = Release|Any CPU
		{561D6704-2396-49F1-B405-7B1E789C7BF0}.Release|Any CPU.Build.0 = Release|Any CPU
		{D55BDB73-5DAB-47A4-ABAC-A6818BDE128C}.Debug|Any CPU.ActiveCfg = Debug|Any CPU
		{D55BDB73-5DAB-47A4-ABAC-A6818BDE128C}.Debug|Any CPU.Build.0 = Debug|Any CPU
		{D55BDB73-5DAB-47A4-ABAC-A6818BDE128C}.Release|Any CPU.ActiveCfg = Release|Any CPU
		{D55BDB73-5DAB-47A4-ABAC-A6818BDE128C}.Release|Any CPU.Build.0 = Release|Any CPU
		{4202FF68-B307-46EF-A493-2CF26F00DFC5}.Debug|Any CPU.ActiveCfg = Debug|Any CPU
		{4202FF68-B307-46EF-A493-2CF26F00DFC5}.Debug|Any CPU.Build.0 = Debug|Any CPU
		{4202FF68-B307-46EF-A493-2CF26F00DFC5}.Release|Any CPU.ActiveCfg = Release|Any CPU
		{4202FF68-B307-46EF-A493-2CF26F00DFC5}.Release|Any CPU.Build.0 = Release|Any CPU
		{7FB1A711-A694-4138-9422-2D15DB27ED10}.Debug|Any CPU.ActiveCfg = Debug|Any CPU
		{7FB1A711-A694-4138-9422-2D15DB27ED10}.Debug|Any CPU.Build.0 = Debug|Any CPU
		{7FB1A711-A694-4138-9422-2D15DB27ED10}.Release|Any CPU.ActiveCfg = Release|Any CPU
		{7FB1A711-A694-4138-9422-2D15DB27ED10}.Release|Any CPU.Build.0 = Release|Any CPU
		{153FF21A-0BE2-435F-BE26-26B5C88F44D7}.Debug|Any CPU.ActiveCfg = Debug|Any CPU
		{153FF21A-0BE2-435F-BE26-26B5C88F44D7}.Debug|Any CPU.Build.0 = Debug|Any CPU
		{153FF21A-0BE2-435F-BE26-26B5C88F44D7}.Release|Any CPU.ActiveCfg = Release|Any CPU
		{153FF21A-0BE2-435F-BE26-26B5C88F44D7}.Release|Any CPU.Build.0 = Release|Any CPU
		{63CE6A55-27BE-4ECD-839F-62DA1EB65DD0}.Debug|Any CPU.ActiveCfg = Debug|Any CPU
		{63CE6A55-27BE-4ECD-839F-62DA1EB65DD0}.Debug|Any CPU.Build.0 = Debug|Any CPU
		{63CE6A55-27BE-4ECD-839F-62DA1EB65DD0}.Release|Any CPU.ActiveCfg = Release|Any CPU
		{63CE6A55-27BE-4ECD-839F-62DA1EB65DD0}.Release|Any CPU.Build.0 = Release|Any CPU
	EndGlobalSection
	GlobalSection(SolutionProperties) = preSolution
		HideSolutionNode = FALSE
	EndGlobalSection
	GlobalSection(NestedProjects) = preSolution
		{1E999216-1E30-4407-BC94-4F9A6D19F4E6} = {F42CCC1B-99C5-41F7-8171-F1AA83AD9962}
		{1A784921-79BF-4BCD-B3B4-6DBC69A581DA} = {52577A01-B7AD-4C1F-BA55-C7B2C072188C}
		{561D6704-2396-49F1-B405-7B1E789C7BF0} = {52577A01-B7AD-4C1F-BA55-C7B2C072188C}
		{D55BDB73-5DAB-47A4-ABAC-A6818BDE128C} = {F42CCC1B-99C5-41F7-8171-F1AA83AD9962}
		{4202FF68-B307-46EF-A493-2CF26F00DFC5} = {C4F62BF7-F285-477E-9821-94CB59C4D896}
		{52577A01-B7AD-4C1F-BA55-C7B2C072188C} = {EBCE3B2A-50E6-4EE7-87A0-440EE28B692E}
		{7FB1A711-A694-4138-9422-2D15DB27ED10} = {7FFBA0AE-FF89-481C-81DB-68D271A56E21}
		{153FF21A-0BE2-435F-BE26-26B5C88F44D7} = {7FFBA0AE-FF89-481C-81DB-68D271A56E21}
		{63CE6A55-27BE-4ECD-839F-62DA1EB65DD0} = {C4F62BF7-F285-477E-9821-94CB59C4D896}
	EndGlobalSection
	GlobalSection(ExtensibilityGlobals) = postSolution
		SolutionGuid = {B4AE7482-3EFC-41A6-9BE8-8B6385DDF256}
	EndGlobalSection
EndGlobal
